{
	"name": "@serum-enterprises/sld",
	"version": "1.0.0-beta.3",
	"lockfileVersion": 3,
	"requires": true,
	"packages": {
		"": {
			"name": "@serum-enterprises/sld",
			"version": "1.0.0-beta.3",
			"license": "MIT",
			"devDependencies": {
				"@types/node": "^20.11.17"
			}
		},
		"node_modules/@types/node": {
			"version": "20.11.17",
			"dev": true,
			"license": "MIT",
			"dependencies": {
				"undici-types": "~5.26.4"
			}
		},
		"node_modules/undici-types": {
			"version": "5.26.5",
			"dev": true,
			"license": "MIT"
		}
	}
}
